
Microsoft Visual Studio Solution File, Format Version 12.00
# Visual Studio Version 16
VisualStudioVersion = 16.0.29123.88
MinimumVisualStudioVersion = 10.0.40219.1
Project("{FAE04EC0-301F-11D3-BF4B-00C04F79EFBC}") = "Cw2", "Cw2\Cw2.csproj", "{89040739-265E-435B-9FBD-22A01309DFE3}"
EndProject
Global
	GlobalSection(SolutionConfigurationPlatforms) = preSolution
		Debug|Any CPU = Debug|Any CPU
		Release|Any CPU = Release|Any CPU
	EndGlobalSection
	GlobalSection(ProjectConfigurationPlatforms) = postSolution
		{89040739-265E-435B-9FBD-22A01309DFE3}.Debug|Any CPU.ActiveCfg = Debug|Any CPU
		{89040739-265E-435B-9FBD-22A01309DFE3}.Debug|Any CPU.Build.0 = Debug|Any CPU
		{89040739-265E-435B-9FBD-22A01309DFE3}.Release|Any CPU.ActiveCfg = Release|Any CPU
		{89040739-265E-435B-9FBD-22A01309DFE3}.Release|Any CPU.Build.0 = Release|Any CPU
	EndGlobalSection
	GlobalSection(SolutionProperties) = preSolution
		HideSolutionNode = FALSE
	EndGlobalSection
	GlobalSection(ExtensibilityGlobals) = postSolution
		SolutionGuid = {81CEBCC6-420D-46B4-84D3-68B57F4295AA}
	EndGlobalSection
EndGlobal
